
Microsoft Visual Studio Solution File, Format Version 12.00
# Visual Studio Version 16
VisualStudioVersion = 16.0.29920.165
MinimumVisualStudioVersion = 10.0.40219.1
Project("{9A19103F-16F7-4668-BE54-9A1E7A4F7556}") = "Companion", "Companion\Companion.csproj", "{61363805-C035-4E4D-BA06-BDCE5D7FA274}"
EndProject
Project("{FAE04EC0-301F-11D3-BF4B-00C04F79EFBC}") = "CompanionData", "CompanionData\CompanionData.csproj", "{BAF7B0ED-DA34-4ACA-B0E2-2626F56B48CC}"
EndProject
Global
	GlobalSection(SolutionConfigurationPlatforms) = preSolution
		Debug|Any CPU = Debug|Any CPU
		Release|Any CPU = Release|Any CPU
	EndGlobalSection
	GlobalSection(ProjectConfigurationPlatforms) = postSolution
		{61363805-C035-4E4D-BA06-BDCE5D7FA274}.Debug|Any CPU.ActiveCfg = Debug|Any CPU
		{61363805-C035-4E4D-BA06-BDCE5D7FA274}.Debug|Any CPU.Build.0 = Debug|Any CPU
		{61363805-C035-4E4D-BA06-BDCE5D7FA274}.Release|Any CPU.ActiveCfg = Release|Any CPU
		{61363805-C035-4E4D-BA06-BDCE5D7FA274}.Release|Any CPU.Build.0 = Release|Any CPU
		{BAF7B0ED-DA34-4ACA-B0E2-2626F56B48CC}.Debug|Any CPU.ActiveCfg = Debug|Any CPU
		{BAF7B0ED-DA34-4ACA-B0E2-2626F56B48CC}.Debug|Any CPU.Build.0 = Debug|Any CPU
		{BAF7B0ED-DA34-4ACA-B0E2-2626F56B48CC}.Release|Any CPU.ActiveCfg = Release|Any CPU
		{BAF7B0ED-DA34-4ACA-B0E2-2626F56B48CC}.Release|Any CPU.Build.0 = Release|Any CPU
	EndGlobalSection
	GlobalSection(SolutionProperties) = preSolution
		HideSolutionNode = FALSE
	EndGlobalSection
	GlobalSection(ExtensibilityGlobals) = postSolution
		SolutionGuid = {4DFC590D-BCD5-4E60-8873-C7D9C5BDFD49}
	EndGlobalSection
EndGlobal
